
Microsoft Visual Studio Solution File, Format Version 12.00
# Visual Studio Version 17
VisualStudioVersion = 17.13.35818.85 d17.13
MinimumVisualStudioVersion = 10.0.40219.1
Project("{FAE04EC0-301F-11D3-BF4B-00C04F79EFBC}") = "Practica2Array", "Practica2Array.csproj", "{98401ECE-FDBE-4BD9-862D-0ADA3714A5A3}"
EndProject
Global
	GlobalSection(SolutionConfigurationPlatforms) = preSolution
		Debug|Any CPU = Debug|Any CPU
		Release|Any CPU = Release|Any CPU
	EndGlobalSection
	GlobalSection(ProjectConfigurationPlatforms) = postSolution
		{98401ECE-FDBE-4BD9-862D-0ADA3714A5A3}.Debug|Any CPU.ActiveCfg = Debug|Any CPU
		{98401ECE-FDBE-4BD9-862D-0ADA3714A5A3}.Debug|Any CPU.Build.0 = Debug|Any CPU
		{98401ECE-FDBE-4BD9-862D-0ADA3714A5A3}.Release|Any CPU.ActiveCfg = Release|Any CPU
		{98401ECE-FDBE-4BD9-862D-0ADA3714A5A3}.Release|Any CPU.Build.0 = Release|Any CPU
	EndGlobalSection
	GlobalSection(SolutionProperties) = preSolution
		HideSolutionNode = FALSE
	EndGlobalSection
	GlobalSection(ExtensibilityGlobals) = postSolution
		SolutionGuid = {978C18E2-D65E-442E-A088-FE011ECB58A1}
	EndGlobalSection
EndGlobal
